
Microsoft Visual Studio Solution File, Format Version 12.00
# Visual Studio 15
VisualStudioVersion = 15.0.27428.2005
MinimumVisualStudioVersion = 10.0.40219.1
Project("{FAE04EC0-301F-11D3-BF4B-00C04F79EFBC}") = "SlettMetadata", "SlettMetadata\SlettMetadata.csproj", "{4542936C-F2E1-4EC9-8ABF-AAD8DACF4242}"
EndProject
Global
	GlobalSection(SolutionConfigurationPlatforms) = preSolution
		Debug|Any CPU = Debug|Any CPU
		Release|Any CPU = Release|Any CPU
	EndGlobalSection
	GlobalSection(ProjectConfigurationPlatforms) = postSolution
		{4542936C-F2E1-4EC9-8ABF-AAD8DACF4242}.Debug|Any CPU.ActiveCfg = Debug|Any CPU
		{4542936C-F2E1-4EC9-8ABF-AAD8DACF4242}.Debug|Any CPU.Build.0 = Debug|Any CPU
		{4542936C-F2E1-4EC9-8ABF-AAD8DACF4242}.Release|Any CPU.ActiveCfg = Release|Any CPU
		{4542936C-F2E1-4EC9-8ABF-AAD8DACF4242}.Release|Any CPU.Build.0 = Release|Any CPU
	EndGlobalSection
	GlobalSection(SolutionProperties) = preSolution
		HideSolutionNode = FALSE
	EndGlobalSection
	GlobalSection(ExtensibilityGlobals) = postSolution
		SolutionGuid = {4D9E6473-83DA-4297-A0DD-B036C45996AD}
	EndGlobalSection
EndGlobal
